{
  "name": "webdataconnector",
  "version": "2.0.0",
  "lockfileVersion": 1,
  "requires": true,
  "dependencies": {
    "ammo": {
      "version": "1.0.1",
      "resolved": "https://registry.npmjs.org/ammo/-/ammo-1.0.1.tgz",
      "integrity": "sha1-j4rdFM1Jve3jurOj4OvK8h0D3os=",
      "requires": {
        "boom": "2.10.1",
        "hoek": "2.16.3"
      }
    },
    "ansi-regex": {
      "version": "2.1.1",
      "resolved": "https://registry.npmjs.org/ansi-regex/-/ansi-regex-2.1.1.tgz",
      "integrity": "sha1-w7M6te42DYbg5ijwRorn7yfWVN8="
    },
    "ansi-styles": {
      "version": "2.2.1",
      "resolved": "https://registry.npmjs.org/ansi-styles/-/ansi-styles-2.2.1.tgz",
      "integrity": "sha1-tDLdM1i2NM914eRmQ2gkBTPB3b4="
    },
    "array-filter": {
      "version": "0.0.1",
      "resolved": "https://registry.npmjs.org/array-filter/-/array-filter-0.0.1.tgz",
      "integrity": "sha1-fajPLiZijtcygDWB/SH2fKzS7uw="
    },
    "array-map": {
      "version": "0.0.0",
      "resolved": "https://registry.npmjs.org/array-map/-/array-map-0.0.0.tgz",
      "integrity": "sha1-iKK6tz0c97zVwbEYoAP2b2ZfpmI="
    },
    "array-reduce": {
      "version": "0.0.0",
      "resolved": "https://registry.npmjs.org/array-reduce/-/array-reduce-0.0.0.tgz",
      "integrity": "sha1-FziZ0//Rx9k4PkR5Ul2+J4yrXys="
    },
    "async": {
      "version": "0.9.0",
      "resolved": "https://registry.npmjs.org/async/-/async-0.9.0.tgz",
      "integrity": "sha1-rDYTsdqb7RtHUQu0ZRuJMeRxRsc="
    },
    "balanced-match": {
      "version": "1.0.0",
      "resolved": "https://registry.npmjs.org/balanced-match/-/balanced-match-1.0.0.tgz",
      "integrity": "sha1-ibTRmasr7kneFk6gK4nORi1xt2c="
    },
    "boom": {
      "version": "2.10.1",
      "resolved": "https://registry.npmjs.org/boom/-/boom-2.10.1.tgz",
      "integrity": "sha1-OciRjO/1eZ+D+UkqhI9iWt0Mdm8=",
      "requires": {
        "hoek": "2.16.3"
      }
    },
    "brace-expansion": {
      "version": "1.1.8",
      "resolved": "https://registry.npmjs.org/brace-expansion/-/brace-expansion-1.1.8.tgz",
      "integrity": "sha1-wHshHHyVLsH479Uad+8NHTmQopI=",
      "requires": {
        "balanced-match": "1.0.0",
        "concat-map": "0.0.1"
      }
    },
    "builtin-modules": {
      "version": "1.1.1",
      "resolved": "https://registry.npmjs.org/builtin-modules/-/builtin-modules-1.1.1.tgz",
      "integrity": "sha1-Jw8HbFpywC9bZaR9+Uxf46J4iS8="
    },
    "chalk": {
      "version": "1.1.3",
      "resolved": "https://registry.npmjs.org/chalk/-/chalk-1.1.3.tgz",
      "integrity": "sha1-qBFcVeSnAv5NFQq9OHKCKn4J/Jg=",
      "requires": {
        "ansi-styles": "2.2.1",
        "escape-string-regexp": "1.0.5",
        "has-ansi": "2.0.0",
        "strip-ansi": "3.0.1",
        "supports-color": "2.0.0"
      }
    },
    "colors": {
      "version": "1.0.3",
      "resolved": "https://registry.npmjs.org/colors/-/colors-1.0.3.tgz",
      "integrity": "sha1-BDP0TYCWgP3rYO0mDxsMJi6CpAs="
    },
    "concat-map": {
      "version": "0.0.1",
      "resolved": "https://registry.npmjs.org/concat-map/-/concat-map-0.0.1.tgz",
      "integrity": "sha1-2Klr13/Wjfd5OnMDajug1UBdR3s="
    },
    "core-util-is": {
      "version": "1.0.2",
      "resolved": "https://registry.npmjs.org/core-util-is/-/core-util-is-1.0.2.tgz",
      "integrity": "sha1-tf1UIgqivFq1eqtxQMlAdUUDwac="
    },
    "corser": {
      "version": "2.0.1",
      "resolved": "https://registry.npmjs.org/corser/-/corser-2.0.1.tgz",
      "integrity": "sha1-jtolLsqrWEDc2XXOuQ2TcMgZ/4c="
    },
    "corsproxy": {
      "version": "1.5.0",
      "resolved": "https://registry.npmjs.org/corsproxy/-/corsproxy-1.5.0.tgz",
      "integrity": "sha1-KUge0hXuWxvWkkx5Fc+I/LE8EGE=",
      "requires": {
        "ejs": "2.5.7",
        "good": "6.6.3",
        "good-console": "5.3.2",
        "h2o2": "4.0.2",
        "hapi": "9.5.1",
        "hapi-cors-headers": "1.0.3",
        "http-proxy": "1.11.3",
        "inert": "3.2.1",
        "vision": "3.0.0"
      }
    },
    "cross-spawn": {
      "version": "4.0.2",
      "resolved": "https://registry.npmjs.org/cross-spawn/-/cross-spawn-4.0.2.tgz",
      "integrity": "sha1-e5JHYhwjrf3ThWAEqCPL45dCTUE=",
      "requires": {
        "lru-cache": "4.1.1",
        "which": "1.3.0"
      },
      "dependencies": {
        "lru-cache": {
          "version": "4.1.1",
          "resolved": "https://registry.npmjs.org/lru-cache/-/lru-cache-4.1.1.tgz",
          "integrity": "sha512-q4spe4KTfsAS1SUHLO0wz8Qiyf1+vMIAgpRYioFYDMNqKfHQbg+AVDH3i4fvpl71/P1L0dBl+fQi+P37UYf0ew==",
          "requires": {
            "pseudomap": "1.0.2",
            "yallist": "2.1.2"
          }
        }
      }
    },
    "define-properties": {
      "version": "1.1.2",
      "resolved": "https://registry.npmjs.org/define-properties/-/define-properties-1.1.2.tgz",
      "integrity": "sha1-g6c/L+pWmJj7c3GTyPhzyvbUXJQ=",
      "requires": {
        "foreach": "2.0.5",
        "object-keys": "1.0.11"
      }
    },
    "duplexer": {
      "version": "0.1.1",
      "resolved": "https://registry.npmjs.org/duplexer/-/duplexer-0.1.1.tgz",
      "integrity": "sha1-rOb/gIwc5mtX0ev5eXessCM0z8E="
    },
    "ecstatic": {
      "version": "1.4.1",
      "resolved": "https://registry.npmjs.org/ecstatic/-/ecstatic-1.4.1.tgz",
      "integrity": "sha1-Mst7b6LikNWGaGdNEV6PDD1WfWo=",
      "requires": {
        "he": "0.5.0",
        "mime": "1.6.0",
        "minimist": "1.2.0",
        "url-join": "1.1.0"
      }
    },
    "ejs": {
      "version": "2.5.7",
      "resolved": "https://registry.npmjs.org/ejs/-/ejs-2.5.7.tgz",
      "integrity": "sha1-zIcsFoiArjxxiXYv1f/ACJbJUYo="
    },
    "error-ex": {
      "version": "1.3.1",
      "resolved": "https://registry.npmjs.org/error-ex/-/error-ex-1.3.1.tgz",
      "integrity": "sha1-+FWobOYa3E6GIcPNoh56dhLDqNw=",
      "requires": {
        "is-arrayish": "0.2.1"
      }
    },
    "es-abstract": {
      "version": "1.10.0",
      "resolved": "https://registry.npmjs.org/es-abstract/-/es-abstract-1.10.0.tgz",
      "integrity": "sha512-/uh/DhdqIOSkAWifU+8nG78vlQxdLckUdI/sPgy0VhuXi2qJ7T8czBmqIYtLQVpCIFYafChnsRsB5pyb1JdmCQ==",
      "requires": {
        "es-to-primitive": "1.1.1",
        "function-bind": "1.1.1",
        "has": "1.0.1",
        "is-callable": "1.1.3",
        "is-regex": "1.0.4"
      }
    },
    "es-to-primitive": {
      "version": "1.1.1",
      "resolved": "https://registry.npmjs.org/es-to-primitive/-/es-to-primitive-1.1.1.tgz",
      "integrity": "sha1-RTVSSKiJeQNLZ5Lhm7gfK3l13Q0=",
      "requires": {
        "is-callable": "1.1.3",
        "is-date-object": "1.0.1",
        "is-symbol": "1.0.1"
      }
    },
    "escape-string-regexp": {
      "version": "1.0.5",
      "resolved": "https://registry.npmjs.org/escape-string-regexp/-/escape-string-regexp-1.0.5.tgz",
      "integrity": "sha1-G2HAViGQqN/2rjuyzwIAyhMLhtQ="
    },
    "event-stream": {
      "version": "3.3.4",
      "resolved": "https://registry.npmjs.org/event-stream/-/event-stream-3.3.4.tgz",
      "integrity": "sha1-SrTJoPWlTbkzi0w02Gv86PSzVXE=",
      "requires": {
        "duplexer": "0.1.1",
        "from": "0.1.7",
        "map-stream": "0.1.0",
        "pause-stream": "0.0.11",
        "split": "0.3.3",
        "stream-combiner": "0.0.4",
        "through": "2.3.8"
      }
    },
    "eventemitter3": {
      "version": "1.2.0",
      "resolved": "https://registry.npmjs.org/eventemitter3/-/eventemitter3-1.2.0.tgz",
      "integrity": "sha1-HIaZHYFq0eUEdQ5zh0Ik7PO+xQg="
    },
    "find-up": {
      "version": "1.1.2",
      "resolved": "https://registry.npmjs.org/find-up/-/find-up-1.1.2.tgz",
      "integrity": "sha1-ay6YIrGizgpgq2TWEOzK1TyyTQ8=",
      "requires": {
        "path-exists": "2.1.0",
        "pinkie-promise": "2.0.1"
      }
    },
    "foreach": {
      "version": "2.0.5",
      "resolved": "https://registry.npmjs.org/foreach/-/foreach-2.0.5.tgz",
      "integrity": "sha1-C+4AUBiusmDQo6865ljdATbsG5k="
    },
    "from": {
      "version": "0.1.7",
      "resolved": "https://registry.npmjs.org/from/-/from-0.1.7.tgz",
      "integrity": "sha1-g8YK/Fi5xWmXAH7Rp2izqzA6RP4="
    },
    "function-bind": {
      "version": "1.1.1",
      "resolved": "https://registry.npmjs.org/function-bind/-/function-bind-1.1.1.tgz",
      "integrity": "sha512-yIovAzMX49sF8Yl58fSCWJ5svSLuaibPxXQJFLmBObTuCr0Mf1KiPopGM9NiFjiYBCbfaa2Fh6breQ6ANVTI0A=="
    },
    "good": {
      "version": "6.6.3",
      "resolved": "https://registry.npmjs.org/good/-/good-6.6.3.tgz",
      "integrity": "sha1-B9zIEfwSuDmKnDMezdM37OWogDU=",
      "requires": {
        "hoek": "2.16.3",
        "items": "1.1.1",
        "joi": "6.10.1",
        "traverse": "0.6.6",
        "wreck": "6.3.0"
      }
    },
    "good-console": {
      "version": "5.3.2",
      "resolved": "https://registry.npmjs.org/good-console/-/good-console-5.3.2.tgz",
      "integrity": "sha1-f8c9RDfiWsToODJB5GaWy6N0ia0=",
      "requires": {
        "good-squeeze": "2.1.0",
        "hoek": "2.16.3",
        "json-stringify-safe": "5.0.1",
        "moment": "2.11.2",
        "through2": "0.6.5"
      },
      "dependencies": {
        "moment": {
          "version": "2.11.2",
          "resolved": "https://registry.npmjs.org/moment/-/moment-2.11.2.tgz",
          "integrity": "sha1-h5aOX5WsA4wuQqyVnHWBnNP1KQE="
        }
      }
    },
    "good-squeeze": {
      "version": "2.1.0",
      "resolved": "https://registry.npmjs.org/good-squeeze/-/good-squeeze-2.1.0.tgz",
      "integrity": "sha1-mc7pHSbVkWmKiZwo6TELzzxq4oo=",
      "requires": {
        "hoek": "2.16.3",
        "json-stringify-safe": "5.0.1"
      }
    },
    "graceful-fs": {
      "version": "4.1.11",
      "resolved": "https://registry.npmjs.org/graceful-fs/-/graceful-fs-4.1.11.tgz",
      "integrity": "sha1-Dovf5NHduIVNZOBOp8AOKgJuVlg="
    },
    "h2o2": {
      "version": "4.0.2",
      "resolved": "https://registry.npmjs.org/h2o2/-/h2o2-4.0.2.tgz",
      "integrity": "sha1-h8uWDcD1tJWWT6koJT5s8TuiJIY=",
      "requires": {
        "boom": "2.10.1",
        "hoek": "2.16.3",
        "joi": "6.10.1",
        "wreck": "6.3.0"
      }
    },
    "hapi": {
      "version": "9.5.1",
      "resolved": "https://registry.npmjs.org/hapi/-/hapi-9.5.1.tgz",
      "integrity": "sha1-jYyhPnwiCweEZemgp2QPJqWvuFU=",
      "requires": {
        "accept": "1.1.0",
        "ammo": "1.0.1",
        "boom": "2.9.0",
        "call": "2.0.2",
        "catbox": "6.0.0",
        "catbox-memory": "1.1.2",
        "cryptiles": "2.0.5",
        "heavy": "3.0.1",
        "hoek": "2.16.3",
        "iron": "2.1.3",
        "items": "1.1.0",
        "joi": "6.8.1",
        "kilt": "1.1.1",
        "mimos": "2.0.2",
        "peekaboo": "1.0.0",
        "qs": "4.0.0",
        "shot": "1.7.0",
        "statehood": "2.1.1",
        "subtext": "2.0.0",
        "topo": "1.1.0"
      },
      "dependencies": {
        "accept": {
          "version": "1.1.0",
          "resolved": "https://registry.npmjs.org/accept/-/accept-1.1.0.tgz",
          "integrity": "sha1-x7VWfJmt5Kx8k38qm8HFZhYKMLU=",
          "requires": {
            "boom": "2.9.0",
            "hoek": "2.16.3"
          }
        },
        "ammo": {
          "version": "1.0.1",
          "resolved": "https://registry.npmjs.org/ammo/-/ammo-1.0.1.tgz",
          "integrity": "sha1-j4rdFM1Jve3jurOj4OvK8h0D3os=",
          "requires": {
            "boom": "2.9.0",
            "hoek": "2.16.3"
          }
        },
        "boom": {
          "version": "2.9.0",
          "resolved": "https://registry.npmjs.org/boom/-/boom-2.9.0.tgz",
          "integrity": "sha1-pUt/0v7kd9NRv543FoDL6mfxJxU=",
          "requires": {
            "hoek": "2.16.3"
          }
        },
        "call": {
          "version": "2.0.2",
          "resolved": "https://registry.npmjs.org/call/-/call-2.0.2.tgz",
          "integrity": "sha1-nJgxq9B2lIb97oOkEUm4KbMtBsA=",
          "requires": {
            "boom": "2.9.0",
            "hoek": "2.16.3"
          }
        },
        "catbox": {
          "version": "6.0.0",
          "resolved": "https://registry.npmjs.org/catbox/-/catbox-6.0.0.tgz",
          "integrity": "sha1-6i8pT6Bemvx+IhDTI/XeU6OAQ+c=",
          "requires": {
            "boom": "2.9.0",
            "hoek": "2.16.3",
            "joi": "6.8.1"
          }
        },
        "catbox-memory": {
          "version": "1.1.2",
          "resolved": "https://registry.npmjs.org/catbox-memory/-/catbox-memory-1.1.2.tgz",
          "integrity": "sha1-M8kYOjKzGUXuikhNDjw8u4Lq7Bo=",
          "requires": {
            "hoek": "2.16.3"
          }
        },
        "cryptiles": {
          "version": "2.0.5",
          "resolved": "https://registry.npmjs.org/cryptiles/-/cryptiles-2.0.5.tgz",
          "integrity": "sha1-O9/s3GCBR8HGcgL6KR59ylnqo7g=",
          "requires": {
            "boom": "2.9.0"
          }
        },
        "heavy": {
          "version": "3.0.1",
          "resolved": "https://registry.npmjs.org/heavy/-/heavy-3.0.1.tgz",
          "integrity": "sha1-8oZ+bjUVv4OrGoux5z5dKOhas80=",
          "requires": {
            "boom": "2.9.0",
            "hoek": "2.16.3",
            "joi": "6.8.1"
          }
        },
        "hoek": {
          "version": "2.16.3",
          "resolved": "https://registry.npmjs.org/hoek/-/hoek-2.16.3.tgz",
          "integrity": "sha1-ILt0A9POo5jpHcRxCo/xuCdKJe0="
        },
        "iron": {
          "version": "2.1.3",
          "resolved": "https://registry.npmjs.org/iron/-/iron-2.1.3.tgz",
          "integrity": "sha1-cbjzV9gGquA6kKdFuaqv/sfi3eQ=",
          "requires": {
            "boom": "2.9.0",
            "cryptiles": "2.0.5",
            "hoek": "2.16.3"
          }
        },
        "items": {
          "version": "1.1.0",
          "resolved": "https://registry.npmjs.org/items/-/items-1.1.0.tgz",
          "integrity": "sha1-rZ1VhAsimGDLPRYLMidMLUvZ4mI="
        },
        "joi": {
          "version": "6.8.1",
          "resolved": "https://registry.npmjs.org/joi/-/joi-6.8.1.tgz",
          "integrity": "sha1-g94tYCj8DNXRYi8/V0fKCCtHjv8=",
          "requires": {
            "hoek": "2.16.3",
            "isemail": "1.2.0",
            "moment": "2.10.6",
            "topo": "1.1.0"
          },
          "dependencies": {
            "isemail": {
              "version": "1.2.0",
              "resolved": "https://registry.npmjs.org/isemail/-/isemail-1.2.0.tgz",
              "integrity": "sha1-vgPfjMPineTSxd9lASY/H6RZXpo="
            },
            "moment": {
              "version": "2.10.6",
              "resolved": "https://registry.npmjs.org/moment/-/moment-2.10.6.tgz",
              "integrity": "sha1-bLIZZ8ecunsMpeZmRPFzZis++nc="
            }
          }
        },
        "kilt": {
          "version": "1.1.1",
          "resolved": "https://registry.npmjs.org/kilt/-/kilt-1.1.1.tgz",
          "integrity": "sha1-d7SmFjyn+lshN6iMFzNCFuwj1ds=",
          "requires": {
            "hoek": "2.16.3"
          }
        },
        "mimos": {
          "version": "2.0.2",
          "resolved": "https://registry.npmjs.org/mimos/-/mimos-2.0.2.tgz",
          "integrity": "sha1-wyQXF+dblZkr54esfdbbGptTmx4=",
          "requires": {
            "hoek": "2.16.3",
            "mime-db": "1.19.0"
          },
          "dependencies": {
            "mime-db": {
              "version": "1.19.0",
              "resolved": "https://registry.npmjs.org/mime-db/-/mime-db-1.19.0.tgz",
              "integrity": "sha1-SWoYGYp86CRFNOJbsQK3T7Qg/VY="
            }
          }
        },
        "peekaboo": {
          "version": "1.0.0",
          "resolved": "https://registry.npmjs.org/peekaboo/-/peekaboo-1.0.0.tgz",
          "integrity": "sha1-wNspJq1lTSygH3ymUKtFkadk/EI="
        },
        "qs": {
          "version": "4.0.0",
          "resolved": "https://registry.npmjs.org/qs/-/qs-4.0.0.tgz",
          "integrity": "sha1-wx2bdOwn33XlQ6hseHKO2NRiNgc="
        },
        "shot": {
          "version": "1.7.0",
          "resolved": "https://registry.npmjs.org/shot/-/shot-1.7.0.tgz",
          "integrity": "sha1-8jKdfvM6/PA9RM5Bq66BSK4XBTI=",
          "requires": {
            "hoek": "2.16.3"
          }
        },
        "statehood": {
          "version": "2.1.1",
          "resolved": "https://registry.npmjs.org/statehood/-/statehood-2.1.1.tgz",
          "integrity": "sha1-AfFwtmxeklqvZ5qdMiulkYb8AAk=",
          "requires": {
            "boom": "2.9.0",
            "cryptiles": "2.0.5",
            "hoek": "2.16.3",
            "iron": "2.1.3",
            "items": "1.1.0",
            "joi": "6.8.1"
          }
        },
        "subtext": {
          "version": "2.0.0",
          "resolved": "https://registry.npmjs.org/subtext/-/subtext-2.0.0.tgz",
          "integrity": "sha1-I5lQ6SCBQ/FUirJeHJV5vbaNiU4=",
          "requires": {
            "boom": "2.9.0",
            "content": "1.0.2",
            "hoek": "2.16.3",
            "pez": "1.0.0",
            "qs": "4.0.0",
            "wreck": "6.2.0"
          },
          "dependencies": {
            "content": {
              "version": "1.0.2",
              "resolved": "https://registry.npmjs.org/content/-/content-1.0.2.tgz",
              "integrity": "sha1-y37fMq/vF8SKz9vSH/mMIzFa6CQ=",
              "requires": {
                "boom": "2.9.0",
                "hoek": "2.16.3"
              }
            },
            "pez": {
              "version": "1.0.0",
              "resolved": "https://registry.npmjs.org/pez/-/pez-1.0.0.tgz",
              "integrity": "sha1-hEMYpc5wku7d/6KV4YB5rHefoBg=",
              "requires": {
                "b64": "2.0.1",
                "boom": "2.9.0",
                "content": "1.0.2",
                "hoek": "2.16.3",
                "nigel": "1.0.1"
              },
              "dependencies": {
                "b64": {
                  "version": "2.0.1",
                  "resolved": "https://registry.npmjs.org/b64/-/b64-2.0.1.tgz",
                  "integrity": "sha1-0IwQcZcZ/x/htTKuSSaUCc4UnOk=",
                  "requires": {
                    "hoek": "2.16.3"
                  }
                },
                "nigel": {
                  "version": "1.0.1",
                  "resolved": "https://registry.npmjs.org/nigel/-/nigel-1.0.1.tgz",
                  "integrity": "sha1-RjmJr4gSePuqHTzJOCPb0XtDYKE=",
                  "requires": {
                    "hoek": "2.16.3",
                    "vise": "1.0.0"
                  },
                  "dependencies": {
                    "vise": {
                      "version": "1.0.0",
                      "resolved": "https://registry.npmjs.org/vise/-/vise-1.0.0.tgz",
                      "integrity": "sha1-KDRb5N5aNB4V/SgW/Z6j5zA+jfM=",
                      "requires": {
                        "hoek": "2.16.3"
                      }
                    }
                  }
                }
              }
            },
            "wreck": {
              "version": "6.2.0",
              "resolved": "https://registry.npmjs.org/wreck/-/wreck-6.2.0.tgz",
              "integrity": "sha1-8Jkx7UcbZL6Yjj57u4gjTa4i0iI=",
              "requires": {
                "boom": "2.9.0",
                "hoek": "2.16.3"
              }
            }
          }
        },
        "topo": {
          "version": "1.1.0",
          "resolved": "https://registry.npmjs.org/topo/-/topo-1.1.0.tgz",
          "integrity": "sha1-6ddRYV0buH3IZdsYL6HKCl71NtU=",
          "requires": {
            "hoek": "2.16.3"
          }
        }
      }
    },
    "hapi-cors-headers": {
      "version": "1.0.3",
      "resolved": "https://registry.npmjs.org/hapi-cors-headers/-/hapi-cors-headers-1.0.3.tgz",
      "integrity": "sha512-U/y+kpVLUJ0y86fEk8yleou9C1T5wFopcWQjuxKdMXzCcymTjfSqGz59waqvngUs1SbeXav/y8Ga9C0G0L1MGg=="
    },
    "has": {
      "version": "1.0.1",
      "resolved": "https://registry.npmjs.org/has/-/has-1.0.1.tgz",
      "integrity": "sha1-hGFzP1OLCDfJNh45qauelwTcLyg=",
      "requires": {
        "function-bind": "1.1.1"
      }
    },
    "has-ansi": {
      "version": "2.0.0",
      "resolved": "https://registry.npmjs.org/has-ansi/-/has-ansi-2.0.0.tgz",
      "integrity": "sha1-NPUEnOHs3ysGSa8+8k5F7TVBbZE=",
      "requires": {
        "ansi-regex": "2.1.1"
      }
    },
    "he": {
      "version": "0.5.0",
      "resolved": "https://registry.npmjs.org/he/-/he-0.5.0.tgz",
      "integrity": "sha1-LAX/rvkLaOhg8/0rVO9YCYknfuI="
    },
    "hoek": {
      "version": "2.16.3",
      "resolved": "https://registry.npmjs.org/hoek/-/hoek-2.16.3.tgz",
      "integrity": "sha1-ILt0A9POo5jpHcRxCo/xuCdKJe0="
    },
    "hosted-git-info": {
      "version": "2.5.0",
      "resolved": "https://registry.npmjs.org/hosted-git-info/-/hosted-git-info-2.5.0.tgz",
      "integrity": "sha512-pNgbURSuab90KbTqvRPsseaTxOJCZBD0a7t+haSN33piP9cCM4l0CqdzAif2hUqm716UovKB2ROmiabGAKVXyg=="
    },
    "http-proxy": {
      "version": "1.11.3",
      "resolved": "https://registry.npmjs.org/http-proxy/-/http-proxy-1.11.3.tgz",
      "integrity": "sha1-GRXciIdR4qa/PCq/yxgI+obHI1M=",
      "requires": {
        "eventemitter3": "1.2.0",
        "requires-port": "0.0.1"
      }
    },
    "http-server": {
      "version": "0.9.0",
      "resolved": "https://registry.npmjs.org/http-server/-/http-server-0.9.0.tgz",
      "integrity": "sha1-jxsGvcczYY1NxCgxx7oa/04GABo=",
      "requires": {
        "colors": "1.0.3",
        "corser": "2.0.1",
        "ecstatic": "1.4.1",
        "http-proxy": "1.11.3",
        "opener": "1.4.3",
        "optimist": "0.6.1",
        "portfinder": "0.4.0",
        "union": "0.4.6"
      }
    },
    "inert": {
      "version": "3.2.1",
      "resolved": "https://registry.npmjs.org/inert/-/inert-3.2.1.tgz",
      "integrity": "sha1-xJZcXhh87z2yxChy5S51cAh2Qn0=",
      "requires": {
        "ammo": "1.0.1",
        "boom": "2.10.1",
        "hoek": "2.16.3",
        "items": "1.1.1",
        "joi": "6.10.1",
        "lru-cache": "2.7.3"
      }
    },
    "inherits": {
      "version": "2.0.3",
      "resolved": "https://registry.npmjs.org/inherits/-/inherits-2.0.3.tgz",
      "integrity": "sha1-Yzwsg+PaQqUC9SRmAiSA9CCCYd4="
    },
    "is-arrayish": {
      "version": "0.2.1",
      "resolved": "https://registry.npmjs.org/is-arrayish/-/is-arrayish-0.2.1.tgz",
      "integrity": "sha1-d8mYQFJ6qOyxqLppe4BkWnqSap0="
    },
    "is-builtin-module": {
      "version": "1.0.0",
      "resolved": "https://registry.npmjs.org/is-builtin-module/-/is-builtin-module-1.0.0.tgz",
      "integrity": "sha1-VAVy0096wxGfj3bDDLwbHgN6/74=",
      "requires": {
        "builtin-modules": "1.1.1"
      }
    },
    "is-callable": {
      "version": "1.1.3",
      "resolved": "https://registry.npmjs.org/is-callable/-/is-callable-1.1.3.tgz",
      "integrity": "sha1-hut1OSgF3cM69xySoO7fdO52BLI="
    },
    "is-date-object": {
      "version": "1.0.1",
      "resolved": "https://registry.npmjs.org/is-date-object/-/is-date-object-1.0.1.tgz",
      "integrity": "sha1-mqIOtq7rv/d/vTPnTKAbM1gdOhY="
    },
    "is-regex": {
      "version": "1.0.4",
      "resolved": "https://registry.npmjs.org/is-regex/-/is-regex-1.0.4.tgz",
      "integrity": "sha1-VRdIm1RwkbCTDglWVM7SXul+lJE=",
      "requires": {
        "has": "1.0.1"
      }
    },
    "is-symbol": {
      "version": "1.0.1",
      "resolved": "https://registry.npmjs.org/is-symbol/-/is-symbol-1.0.1.tgz",
      "integrity": "sha1-PMWfAAJRlLarLjjbrmaJJWtmBXI="
    },
    "is-utf8": {
      "version": "0.2.1",
      "resolved": "https://registry.npmjs.org/is-utf8/-/is-utf8-0.2.1.tgz",
      "integrity": "sha1-Sw2hRCEE0bM2NA6AeX6GXPOffXI="
    },
    "isarray": {
      "version": "0.0.1",
      "resolved": "https://registry.npmjs.org/isarray/-/isarray-0.0.1.tgz",
      "integrity": "sha1-ihis/Kmo9Bd+Cav8YDiTmwXR7t8="
    },
    "isemail": {
      "version": "1.2.0",
      "resolved": "https://registry.npmjs.org/isemail/-/isemail-1.2.0.tgz",
      "integrity": "sha1-vgPfjMPineTSxd9lASY/H6RZXpo="
    },
    "isexe": {
      "version": "2.0.0",
      "resolved": "https://registry.npmjs.org/isexe/-/isexe-2.0.0.tgz",
      "integrity": "sha1-6PvzdNxVb/iUehDcsFctYz8s+hA="
    },
    "items": {
      "version": "1.1.1",
      "resolved": "https://registry.npmjs.org/items/-/items-1.1.1.tgz",
      "integrity": "sha1-Q1td0hvKKLPP0lu1xrJ4txUBD9k="
    },
    "joi": {
      "version": "6.10.1",
      "resolved": "https://registry.npmjs.org/joi/-/joi-6.10.1.tgz",
      "integrity": "sha1-TVDDGAeRIgAP5fFq8f+OGRe3fgY=",
      "requires": {
        "hoek": "2.16.3",
        "isemail": "1.2.0",
        "moment": "2.20.1",
        "topo": "1.1.0"
      }
    },
    "json-stringify-safe": {
      "version": "5.0.1",
      "resolved": "https://registry.npmjs.org/json-stringify-safe/-/json-stringify-safe-5.0.1.tgz",
      "integrity": "sha1-Epai1Y/UXxmg9s4B1lcB4sc1tus="
    },
    "jsonify": {
      "version": "0.0.0",
      "resolved": "https://registry.npmjs.org/jsonify/-/jsonify-0.0.0.tgz",
      "integrity": "sha1-LHS27kHZPKUbe1qu6PUDYx0lKnM="
    },
    "load-json-file": {
      "version": "1.1.0",
      "resolved": "https://registry.npmjs.org/load-json-file/-/load-json-file-1.1.0.tgz",
      "integrity": "sha1-lWkFcI1YtLq0wiYbBPWfMcmTdMA=",
      "requires": {
        "graceful-fs": "4.1.11",
        "parse-json": "2.2.0",
        "pify": "2.3.0",
        "pinkie-promise": "2.0.1",
        "strip-bom": "2.0.0"
      }
    },
    "lru-cache": {
      "version": "2.7.3",
      "resolved": "https://registry.npmjs.org/lru-cache/-/lru-cache-2.7.3.tgz",
      "integrity": "sha1-bUUk6LlV+V1PW1iFHOId1y+06VI="
    },
    "map-stream": {
      "version": "0.1.0",
      "resolved": "https://registry.npmjs.org/map-stream/-/map-stream-0.1.0.tgz",
      "integrity": "sha1-5WqpTEyAVaFkBKBnS3jyFffI4ZQ="
    },
    "mime": {
      "version": "1.6.0",
      "resolved": "https://registry.npmjs.org/mime/-/mime-1.6.0.tgz",
      "integrity": "sha512-x0Vn8spI+wuJ1O6S7gnbaQg8Pxh4NNHb7KSINmEWKiPE4RKOplvijn+NkmYmmRgP68mc70j2EbeTFRsrswaQeg=="
    },
    "minimatch": {
      "version": "3.0.4",
      "resolved": "https://registry.npmjs.org/minimatch/-/minimatch-3.0.4.tgz",
      "integrity": "sha512-yJHVQEhyqPLUTgt9B83PXu6W3rx4MvvHvSUvToogpwoGDOUQ+yDrR0HRot+yOCdCO7u4hX3pWft6kWBBcqh0UA==",
      "requires": {
        "brace-expansion": "1.1.8"
      }
    },
    "minimist": {
      "version": "1.2.0",
      "resolved": "https://registry.npmjs.org/minimist/-/minimist-1.2.0.tgz",
      "integrity": "sha1-o1AIsg9BOD7sH7kU9M1d95omQoQ="
    },
    "mkdirp": {
      "version": "0.5.1",
      "resolved": "https://registry.npmjs.org/mkdirp/-/mkdirp-0.5.1.tgz",
      "integrity": "sha1-MAV0OOrGz3+MR2fzhkjWaX11yQM=",
      "requires": {
        "minimist": "0.0.8"
      },
      "dependencies": {
        "minimist": {
          "version": "0.0.8",
          "resolved": "https://registry.npmjs.org/minimist/-/minimist-0.0.8.tgz",
          "integrity": "sha1-hX/Kv8M5fSYluCKCYuhqp6ARsF0="
        }
      }
    },
    "moment": {
      "version": "2.20.1",
      "resolved": "https://registry.npmjs.org/moment/-/moment-2.20.1.tgz",
      "integrity": "sha512-Yh9y73JRljxW5QxN08Fner68eFLxM5ynNOAw2LbIB1YAGeQzZT8QFSUvkAz609Zf+IHhhaUxqZK8dG3W/+HEvg=="
    },
    "normalize-package-data": {
      "version": "2.4.0",
      "resolved": "https://registry.npmjs.org/normalize-package-data/-/normalize-package-data-2.4.0.tgz",
      "integrity": "sha512-9jjUFbTPfEy3R/ad/2oNbKtW9Hgovl5O1FvFWKkKblNXoN/Oou6+9+KKohPK13Yc3/TyunyWhJp6gvRNR/PPAw==",
      "requires": {
        "hosted-git-info": "2.5.0",
        "is-builtin-module": "1.0.0",
        "semver": "5.5.0",
        "validate-npm-package-license": "3.0.1"
      }
    },
    "npm-run-all": {
      "version": "2.3.0",
      "resolved": "https://registry.npmjs.org/npm-run-all/-/npm-run-all-2.3.0.tgz",
      "integrity": "sha1-2po7nGCUK/eKc54eNcfy2+xtNXE=",
      "requires": {
        "chalk": "1.1.3",
        "cross-spawn": "4.0.2",
        "minimatch": "3.0.4",
        "object-assign": "4.1.1",
        "pinkie-promise": "2.0.1",
        "ps-tree": "1.1.0",
        "read-pkg": "1.1.0",
        "read-pkg-up": "1.0.1",
        "shell-quote": "1.6.1",
        "string.prototype.padend": "3.0.0"
      }
    },
    "object-assign": {
      "version": "4.1.1",
      "resolved": "https://registry.npmjs.org/object-assign/-/object-assign-4.1.1.tgz",
      "integrity": "sha1-IQmtx5ZYh8/AXLvUQsrIv7s2CGM="
    },
    "object-keys": {
      "version": "1.0.11",
      "resolved": "https://registry.npmjs.org/object-keys/-/object-keys-1.0.11.tgz",
      "integrity": "sha1-xUYBd4rVYPEULODgG8yotW0TQm0="
    },
    "opener": {
      "version": "1.4.3",
      "resolved": "https://registry.npmjs.org/opener/-/opener-1.4.3.tgz",
      "integrity": "sha1-XG2ixdflgx6P+jlklQ+NZnSskLg="
    },
    "optimist": {
      "version": "0.6.1",
      "resolved": "https://registry.npmjs.org/optimist/-/optimist-0.6.1.tgz",
      "integrity": "sha1-2j6nRob6IaGaERwybpDrFaAZZoY=",
      "requires": {
        "minimist": "0.0.10",
        "wordwrap": "0.0.3"
      },
      "dependencies": {
        "minimist": {
          "version": "0.0.10",
          "resolved": "https://registry.npmjs.org/minimist/-/minimist-0.0.10.tgz",
          "integrity": "sha1-3j+YVD2/lggr5IrRoMfNqDYwHc8="
        }
      }
    },
    "parse-json": {
      "version": "2.2.0",
      "resolved": "https://registry.npmjs.org/parse-json/-/parse-json-2.2.0.tgz",
      "integrity": "sha1-9ID0BDTvgHQfhGkJn43qGPVaTck=",
      "requires": {
        "error-ex": "1.3.1"
      }
    },
    "path-exists": {
      "version": "2.1.0",
      "resolved": "https://registry.npmjs.org/path-exists/-/path-exists-2.1.0.tgz",
      "integrity": "sha1-D+tsZPD8UY2adU3V77YscCJ2H0s=",
      "requires": {
        "pinkie-promise": "2.0.1"
      }
    },
    "path-type": {
      "version": "1.1.0",
      "resolved": "https://registry.npmjs.org/path-type/-/path-type-1.1.0.tgz",
      "integrity": "sha1-WcRPfuSR2nBNpBXaWkBwuk+P5EE=",
      "requires": {
        "graceful-fs": "4.1.11",
        "pify": "2.3.0",
        "pinkie-promise": "2.0.1"
      }
    },
    "pause-stream": {
      "version": "0.0.11",
      "resolved": "https://registry.npmjs.org/pause-stream/-/pause-stream-0.0.11.tgz",
      "integrity": "sha1-/lo0sMvOErWqaitAPuLnO2AvFEU=",
      "requires": {
        "through": "2.3.8"
      }
    },
    "pify": {
      "version": "2.3.0",
      "resolved": "https://registry.npmjs.org/pify/-/pify-2.3.0.tgz",
      "integrity": "sha1-7RQaasBDqEnqWISY59yosVMw6Qw="
    },
    "pinkie": {
      "version": "2.0.4",
      "resolved": "https://registry.npmjs.org/pinkie/-/pinkie-2.0.4.tgz",
      "integrity": "sha1-clVrgM+g1IqXToDnckjoDtT3+HA="
    },
    "pinkie-promise": {
      "version": "2.0.1",
      "resolved": "https://registry.npmjs.org/pinkie-promise/-/pinkie-promise-2.0.1.tgz",
      "integrity": "sha1-ITXW36ejWMBprJsXh3YogihFD/o=",
      "requires": {
        "pinkie": "2.0.4"
      }
    },
    "portfinder": {
      "version": "0.4.0",
      "resolved": "https://registry.npmjs.org/portfinder/-/portfinder-0.4.0.tgz",
      "integrity": "sha1-o/+t/6/k+5jgYBqF7aJ8J86Eyh4=",
      "requires": {
        "async": "0.9.0",
        "mkdirp": "0.5.1"
      }
    },
    "ps-tree": {
      "version": "1.1.0",
      "resolved": "https://registry.npmjs.org/ps-tree/-/ps-tree-1.1.0.tgz",
      "integrity": "sha1-tCGyQUDWID8e08dplrRCewjowBQ=",
      "requires": {
        "event-stream": "3.3.4"
      }
    },
    "pseudomap": {
      "version": "1.0.2",
      "resolved": "https://registry.npmjs.org/pseudomap/-/pseudomap-1.0.2.tgz",
      "integrity": "sha1-8FKijacOYYkX7wqKw0wa5aaChrM="
    },
    "qs": {
      "version": "2.3.3",
      "resolved": "https://registry.npmjs.org/qs/-/qs-2.3.3.tgz",
      "integrity": "sha1-6eha2+ddoLvkyOBHaghikPhjtAQ="
    },
    "read-pkg": {
      "version": "1.1.0",
      "resolved": "https://registry.npmjs.org/read-pkg/-/read-pkg-1.1.0.tgz",
      "integrity": "sha1-9f+qXs0pyzHAR0vKfXVra7KePyg=",
      "requires": {
        "load-json-file": "1.1.0",
        "normalize-package-data": "2.4.0",
        "path-type": "1.1.0"
      }
    },
    "read-pkg-up": {
      "version": "1.0.1",
      "resolved": "https://registry.npmjs.org/read-pkg-up/-/read-pkg-up-1.0.1.tgz",
      "integrity": "sha1-nWPBMnbAZZGNV/ACpX9AobZD+wI=",
      "requires": {
        "find-up": "1.1.2",
        "read-pkg": "1.1.0"
      }
    },
    "readable-stream": {
      "version": "1.0.34",
      "resolved": "https://registry.npmjs.org/readable-stream/-/readable-stream-1.0.34.tgz",
      "integrity": "sha1-Elgg40vIQtLyqq+v5MKRbuMsFXw=",
      "requires": {
        "core-util-is": "1.0.2",
        "inherits": "2.0.3",
        "isarray": "0.0.1",
        "string_decoder": "0.10.31"
      }
    },
    "requires-port": {
      "version": "0.0.1",
      "resolved": "https://registry.npmjs.org/requires-port/-/requires-port-0.0.1.tgz",
      "integrity": "sha1-S0QUQR2d98hVmV3YmajHiilRwW0="
    },
    "semver": {
      "version": "5.5.0",
      "resolved": "https://registry.npmjs.org/semver/-/semver-5.5.0.tgz",
      "integrity": "sha512-4SJ3dm0WAwWy/NVeioZh5AntkdJoWKxHxcmyP622fOkgHa4z3R0TdBJICINyaSDE6uNwVc8gZr+ZinwZAH4xIA=="
    },
    "shell-quote": {
      "version": "1.6.1",
      "resolved": "https://registry.npmjs.org/shell-quote/-/shell-quote-1.6.1.tgz",
      "integrity": "sha1-9HgZSczkAmlxJ0MOo7PFR29IF2c=",
      "requires": {
        "array-filter": "0.0.1",
        "array-map": "0.0.0",
        "array-reduce": "0.0.0",
        "jsonify": "0.0.0"
      }
    },
    "spdx-correct": {
      "version": "1.0.2",
      "resolved": "https://registry.npmjs.org/spdx-correct/-/spdx-correct-1.0.2.tgz",
      "integrity": "sha1-SzBz2TP/UfORLwOsVRlJikFQ20A=",
      "requires": {
        "spdx-license-ids": "1.2.2"
      }
    },
    "spdx-expression-parse": {
      "version": "1.0.4",
      "resolved": "https://registry.npmjs.org/spdx-expression-parse/-/spdx-expression-parse-1.0.4.tgz",
      "integrity": "sha1-m98vIOH0DtRH++JzJmGR/O1RYmw="
    },
    "spdx-license-ids": {
      "version": "1.2.2",
      "resolved": "https://registry.npmjs.org/spdx-license-ids/-/spdx-license-ids-1.2.2.tgz",
      "integrity": "sha1-yd96NCRZSt5r0RkA1ZZpbcBrrFc="
    },
    "split": {
      "version": "0.3.3",
      "resolved": "https://registry.npmjs.org/split/-/split-0.3.3.tgz",
      "integrity": "sha1-zQ7qXmOiEd//frDwkcQTPi0N0o8=",
      "requires": {
        "through": "2.3.8"
      }
    },
    "stream-combiner": {
      "version": "0.0.4",
      "resolved": "https://registry.npmjs.org/stream-combiner/-/stream-combiner-0.0.4.tgz",
      "integrity": "sha1-TV5DPBhSYd3mI8o/RMWGvPXErRQ=",
      "requires": {
        "duplexer": "0.1.1"
      }
    },
    "string.prototype.padend": {
      "version": "3.0.0",
      "resolved": "https://registry.npmjs.org/string.prototype.padend/-/string.prototype.padend-3.0.0.tgz",
      "integrity": "sha1-86rvfBcZ8XDF6rHDK/eA2W4h8vA=",
      "requires": {
        "define-properties": "1.1.2",
        "es-abstract": "1.10.0",
        "function-bind": "1.1.1"
      }
    },
    "string_decoder": {
      "version": "0.10.31",
      "resolved": "https://registry.npmjs.org/string_decoder/-/string_decoder-0.10.31.tgz",
      "integrity": "sha1-YuIDvEF2bGwoyfyEMB2rHFMQ+pQ="
    },
    "strip-ansi": {
      "version": "3.0.1",
      "resolved": "https://registry.npmjs.org/strip-ansi/-/strip-ansi-3.0.1.tgz",
      "integrity": "sha1-ajhfuIU9lS1f8F0Oiq+UJ43GPc8=",
      "requires": {
        "ansi-regex": "2.1.1"
      }
    },
    "strip-bom": {
      "version": "2.0.0",
      "resolved": "https://registry.npmjs.org/strip-bom/-/strip-bom-2.0.0.tgz",
      "integrity": "sha1-YhmoVhZSBJHzV4i9vxRHqZx+aw4=",
      "requires": {
        "is-utf8": "0.2.1"
      }
    },
    "supports-color": {
      "version": "2.0.0",
      "resolved": "https://registry.npmjs.org/supports-color/-/supports-color-2.0.0.tgz",
      "integrity": "sha1-U10EXOa2Nj+kARcIRimZXp3zJMc="
    },
    "through": {
      "version": "2.3.8",
      "resolved": "https://registry.npmjs.org/through/-/through-2.3.8.tgz",
      "integrity": "sha1-DdTJ/6q8NXlgsbckEV1+Doai4fU="
    },
    "through2": {
      "version": "0.6.5",
      "resolved": "https://registry.npmjs.org/through2/-/through2-0.6.5.tgz",
      "integrity": "sha1-QaucZ7KdVyCQcUEOHXp6lozTrUg=",
      "requires": {
        "readable-stream": "1.0.34",
        "xtend": "4.0.1"
      }
    },
    "topo": {
      "version": "1.1.0",
      "resolved": "https://registry.npmjs.org/topo/-/topo-1.1.0.tgz",
      "integrity": "sha1-6ddRYV0buH3IZdsYL6HKCl71NtU=",
      "requires": {
        "hoek": "2.16.3"
      }
    },
    "traverse": {
      "version": "0.6.6",
      "resolved": "https://registry.npmjs.org/traverse/-/traverse-0.6.6.tgz",
      "integrity": "sha1-y99WD9e5r2MlAv7UD5GMFX6pcTc="
    },
    "union": {
      "version": "0.4.6",
      "resolved": "https://registry.npmjs.org/union/-/union-0.4.6.tgz",
      "integrity": "sha1-GY+9rrolTniLDvy2MLwR8kopWeA=",
      "requires": {
        "qs": "2.3.3"
      }
    },
    "url-join": {
      "version": "1.1.0",
      "resolved": "https://registry.npmjs.org/url-join/-/url-join-1.1.0.tgz",
      "integrity": "sha1-dBxsL0WWxIMNZxhGCSDQySIC3Hg="
    },
    "validate-npm-package-license": {
      "version": "3.0.1",
      "resolved": "https://registry.npmjs.org/validate-npm-package-license/-/validate-npm-package-license-3.0.1.tgz",
      "integrity": "sha1-KAS6vnEq0zeUWaz74kdGqywwP7w=",
      "requires": {
        "spdx-correct": "1.0.2",
        "spdx-expression-parse": "1.0.4"
      }
    },
    "vision": {
      "version": "3.0.0",
      "resolved": "https://registry.npmjs.org/vision/-/vision-3.0.0.tgz",
      "integrity": "sha1-GEWEb2wjpvJTXa8woeHnHQukjGI=",
      "requires": {
        "boom": "2.10.1",
        "hoek": "2.16.3",
        "items": "1.1.1",
        "joi": "6.10.1"
      }
    },
    "which": {
      "version": "1.3.0",
      "resolved": "https://registry.npmjs.org/which/-/which-1.3.0.tgz",
      "integrity": "sha512-xcJpopdamTuY5duC/KnTTNBraPK54YwpenP4lzxU8H91GudWpFv38u0CKjclE1Wi2EH2EDz5LRcHcKbCIzqGyg==",
      "requires": {
        "isexe": "2.0.0"
      }
    },
    "wordwrap": {
      "version": "0.0.3",
      "resolved": "https://registry.npmjs.org/wordwrap/-/wordwrap-0.0.3.tgz",
      "integrity": "sha1-o9XabNXAvAAI03I0u68b7WMFkQc="
    },
    "wreck": {
      "version": "6.3.0",
      "resolved": "https://registry.npmjs.org/wreck/-/wreck-6.3.0.tgz",
      "integrity": "sha1-oTaXafB7u2LWo3gzanhx/Hc8dAs=",
      "requires": {
        "boom": "2.10.1",
        "hoek": "2.16.3"
      }
    },
    "xtend": {
      "version": "4.0.1",
      "resolved": "https://registry.npmjs.org/xtend/-/xtend-4.0.1.tgz",
      "integrity": "sha1-pcbVMr5lbiPbgg77lDofBJmNY68="
    },
    "yallist": {
      "version": "2.1.2",
      "resolved": "https://registry.npmjs.org/yallist/-/yallist-2.1.2.tgz",
      "integrity": "sha1-HBH5IY8HYImkfdUS+TxmmaaoHVI="
    }
  }
}
